
Microsoft Visual Studio Solution File, Format Version 12.00
# Visual Studio Version 16
VisualStudioVersion = 16.0.30804.86
MinimumVisualStudioVersion = 10.0.40219.1
Project("{9A19103F-16F7-4668-BE54-9A1E7A4F7556}") = "Entities", "Entities\Entities.csproj", "{29270D04-399F-4C2F-9884-0DA2C9C58AE8}"
EndProject
Project("{9A19103F-16F7-4668-BE54-9A1E7A4F7556}") = "DataAccess", "DataAccess\DataAccess.csproj", "{D310A60E-0DDC-4002-9C1D-1B1C94322FD5}"
EndProject
Project("{9A19103F-16F7-4668-BE54-9A1E7A4F7556}") = "Business", "Business\Business.csproj", "{81612BF2-BC39-4FA1-B5FC-40D27948761F}"
EndProject
Project("{9A19103F-16F7-4668-BE54-9A1E7A4F7556}") = "ConsoleUI", "ConsoleUI\ConsoleUI.csproj", "{8926EFA0-8BE6-4C72-81A1-A9776F0147C7}"
EndProject
Project("{9A19103F-16F7-4668-BE54-9A1E7A4F7556}") = "Core", "Core\Core.csproj", "{E2FD35CD-A3E5-43DB-9A77-6C5F8FC69F9C}"
EndProject
Project("{FAE04EC0-301F-11D3-BF4B-00C04F79EFBC}") = "WebAPI", "WebAPI\WebAPI.csproj", "{C96DE510-CDA2-498A-A76E-1D27F113810C}"
EndProject
Global
	GlobalSection(SolutionConfigurationPlatforms) = preSolution
		Debug|Any CPU = Debug|Any CPU
		Release|Any CPU = Release|Any CPU
	EndGlobalSection
	GlobalSection(ProjectConfigurationPlatforms) = postSolution
		{29270D04-399F-4C2F-9884-0DA2C9C58AE8}.Debug|Any CPU.ActiveCfg = Debug|Any CPU
		{29270D04-399F-4C2F-9884-0DA2C9C58AE8}.Debug|Any CPU.Build.0 = Debug|Any CPU
		{29270D04-399F-4C2F-9884-0DA2C9C58AE8}.Release|Any CPU.ActiveCfg = Release|Any CPU
		{29270D04-399F-4C2F-9884-0DA2C9C58AE8}.Release|Any CPU.Build.0 = Release|Any CPU
		{D310A60E-0DDC-4002-9C1D-1B1C94322FD5}.Debug|Any CPU.ActiveCfg = Debug|Any CPU
		{D310A60E-0DDC-4002-9C1D-1B1C94322FD5}.Debug|Any CPU.Build.0 = Debug|Any CPU
		{D310A60E-0DDC-4002-9C1D-1B1C94322FD5}.Release|Any CPU.ActiveCfg = Release|Any CPU
		{D310A60E-0DDC-4002-9C1D-1B1C94322FD5}.Release|Any CPU.Build.0 = Release|Any CPU
		{81612BF2-BC39-4FA1-B5FC-40D27948761F}.Debug|Any CPU.ActiveCfg = Debug|Any CPU
		{81612BF2-BC39-4FA1-B5FC-40D27948761F}.Debug|Any CPU.Build.0 = Debug|Any CPU
		{81612BF2-BC39-4FA1-B5FC-40D27948761F}.Release|Any CPU.ActiveCfg = Release|Any CPU
		{81612BF2-BC39-4FA1-B5FC-40D27948761F}.Release|Any CPU.Build.0 = Release|Any CPU
		{8926EFA0-8BE6-4C72-81A1-A9776F0147C7}.Debug|Any CPU.ActiveCfg = Debug|Any CPU
		{8926EFA0-8BE6-4C72-81A1-A9776F0147C7}.Debug|Any CPU.Build.0 = Debug|Any CPU
		{8926EFA0-8BE6-4C72-81A1-A9776F0147C7}.Release|Any CPU.ActiveCfg = Release|Any CPU
		{8926EFA0-8BE6-4C72-81A1-A9776F0147C7}.Release|Any CPU.Build.0 = Release|Any CPU
		{E2FD35CD-A3E5-43DB-9A77-6C5F8FC69F9C}.Debug|Any CPU.ActiveCfg = Debug|Any CPU
		{E2FD35CD-A3E5-43DB-9A77-6C5F8FC69F9C}.Debug|Any CPU.Build.0 = Debug|Any CPU
		{E2FD35CD-A3E5-43DB-9A77-6C5F8FC69F9C}.Release|Any CPU.ActiveCfg = Release|Any CPU
		{E2FD35CD-A3E5-43DB-9A77-6C5F8FC69F9C}.Release|Any CPU.Build.0 = Release|Any CPU
		{C96DE510-CDA2-498A-A76E-1D27F113810C}.Debug|Any CPU.ActiveCfg = Debug|Any CPU
		{C96DE510-CDA2-498A-A76E-1D27F113810C}.Debug|Any CPU.Build.0 = Debug|Any CPU
		{C96DE510-CDA2-498A-A76E-1D27F113810C}.Release|Any CPU.ActiveCfg = Release|Any CPU
		{C96DE510-CDA2-498A-A76E-1D27F113810C}.Release|Any CPU.Build.0 = Release|Any CPU
	EndGlobalSection
	GlobalSection(SolutionProperties) = preSolution
		HideSolutionNode = FALSE
	EndGlobalSection
	GlobalSection(ExtensibilityGlobals) = postSolution
		SolutionGuid = {FAD7B57C-CD86-4DCA-83EA-817EDA35215D}
	EndGlobalSection
EndGlobal
